
Microsoft Visual Studio Solution File, Format Version 12.00
# Visual Studio Version 16
VisualStudioVersion = 16.0.30011.22
MinimumVisualStudioVersion = 10.0.40219.1
Project("{8BC9CEB8-8B4A-11D0-8D11-00A0C91BC942}") = "Dictionary", "Dictionary.vcxproj", "{E38B6E63-5350-4850-88EF-E1C308842158}"
EndProject
Global
	GlobalSection(SolutionConfigurationPlatforms) = preSolution
		Debug|x64 = Debug|x64
		Debug|x86 = Debug|x86
		Release|x64 = Release|x64
		Release|x86 = Release|x86
	EndGlobalSection
	GlobalSection(ProjectConfigurationPlatforms) = postSolution
		{E38B6E63-5350-4850-88EF-E1C308842158}.Debug|x64.ActiveCfg = Debug|x64
		{E38B6E63-5350-4850-88EF-E1C308842158}.Debug|x64.Build.0 = Debug|x64
		{E38B6E63-5350-4850-88EF-E1C308842158}.Debug|x86.ActiveCfg = Debug|Win32
		{E38B6E63-5350-4850-88EF-E1C308842158}.Debug|x86.Build.0 = Debug|Win32
		{E38B6E63-5350-4850-88EF-E1C308842158}.Release|x64.ActiveCfg = Release|x64
		{E38B6E63-5350-4850-88EF-E1C308842158}.Release|x64.Build.0 = Release|x64
		{E38B6E63-5350-4850-88EF-E1C308842158}.Release|x86.ActiveCfg = Release|Win32
		{E38B6E63-5350-4850-88EF-E1C308842158}.Release|x86.Build.0 = Release|Win32
	EndGlobalSection
	GlobalSection(SolutionProperties) = preSolution
		HideSolutionNode = FALSE
	EndGlobalSection
	GlobalSection(ExtensibilityGlobals) = postSolution
		SolutionGuid = {656DC5EE-2C2F-443D-830C-5CF87C13D846}
	EndGlobalSection
EndGlobal
